
Microsoft Visual Studio Solution File, Format Version 12.00
# Visual Studio Version 16
VisualStudioVersion = 16.0.30406.217
MinimumVisualStudioVersion = 10.0.40219.1
Project("{FAE04EC0-301F-11D3-BF4B-00C04F79EFBC}") = "sharepoint-filemgmt-tool", "sharepoint-filemgmt-tool.csproj", "{4CF70D36-8EEA-4616-8FB0-7E435A719C70}"
EndProject
Global
	GlobalSection(SolutionConfigurationPlatforms) = preSolution
		Debug|Any CPU = Debug|Any CPU
		Release|Any CPU = Release|Any CPU
	EndGlobalSection
	GlobalSection(ProjectConfigurationPlatforms) = postSolution
		{4CF70D36-8EEA-4616-8FB0-7E435A719C70}.Debug|Any CPU.ActiveCfg = Debug|Any CPU
		{4CF70D36-8EEA-4616-8FB0-7E435A719C70}.Debug|Any CPU.Build.0 = Debug|Any CPU
		{4CF70D36-8EEA-4616-8FB0-7E435A719C70}.Release|Any CPU.ActiveCfg = Release|Any CPU
		{4CF70D36-8EEA-4616-8FB0-7E435A719C70}.Release|Any CPU.Build.0 = Release|Any CPU
	EndGlobalSection
	GlobalSection(SolutionProperties) = preSolution
		HideSolutionNode = FALSE
	EndGlobalSection
	GlobalSection(ExtensibilityGlobals) = postSolution
		SolutionGuid = {05866A8F-D23A-4BA4-BE9F-7468A2D3C6F6}
	EndGlobalSection
EndGlobal
